
Microsoft Visual Studio Solution File, Format Version 12.00
Project("{FAE04EC0-301F-11D3-BF4B-00C04F79EFBC}") = "GPD", "GPD\GPD.csproj", "{A1CB8ED4-84E6-46E8-B331-FF713AF97C01}"
EndProject
Global
	GlobalSection(SolutionConfigurationPlatforms) = preSolution
		Debug|Any CPU = Debug|Any CPU
		Release|Any CPU = Release|Any CPU
	EndGlobalSection
	GlobalSection(ProjectConfigurationPlatforms) = postSolution
		{A1CB8ED4-84E6-46E8-B331-FF713AF97C01}.Debug|Any CPU.ActiveCfg = Debug|Any CPU
		{A1CB8ED4-84E6-46E8-B331-FF713AF97C01}.Debug|Any CPU.Build.0 = Debug|Any CPU
		{A1CB8ED4-84E6-46E8-B331-FF713AF97C01}.Release|Any CPU.ActiveCfg = Release|Any CPU
		{A1CB8ED4-84E6-46E8-B331-FF713AF97C01}.Release|Any CPU.Build.0 = Release|Any CPU
	EndGlobalSection
EndGlobal
